// !$*UTF8*$!
{
	archiveVersion = 1;
	classes = {
	};
	objectVersion = 56;
	objects = {

/* Begin PBXBuildFile section */
		FB8040192C8F1B2A0098BD6C /* User.swift in Sources */ = {isa = PBXBuildFile; fileRef = FB8040182C8F1B2A0098BD6C /* User.swift */; };
		FB80401B2C8F1B310098BD6C /* Post.swift in Sources */ = {isa = PBXBuildFile; fileRef = FB80401A2C8F1B310098BD6C /* Post.swift */; };
		FB80401E2C8F1BCC0098BD6C /* MainTabView.swift in Sources */ = {isa = PBXBuildFile; fileRef = FB80401D2C8F1BCB0098BD6C /* MainTabView.swift */; };
		FB8040202C8F1BF80098BD6C /* MainTabType.swift in Sources */ = {isa = PBXBuildFile; fileRef = FB80401F2C8F1BF80098BD6C /* MainTabType.swift */; };
		FB81248B2C8EBA6F00680505 /* TechitSNSApp.swift in Sources */ = {isa = PBXBuildFile; fileRef = FB81248A2C8EBA6F00680505 /* TechitSNSApp.swift */; };
		FB81248D2C8EBA6F00680505 /* ContentView.swift in Sources */ = {isa = PBXBuildFile; fileRef = FB81248C2C8EBA6F00680505 /* ContentView.swift */; };
		FB81248F2C8EBA7000680505 /* Assets.xcassets in Resources */ = {isa = PBXBuildFile; fileRef = FB81248E2C8EBA7000680505 /* Assets.xcassets */; };
		FB8124922C8EBA7000680505 /* Preview Assets.xcassets in Resources */ = {isa = PBXBuildFile; fileRef = FB8124912C8EBA7000680505 /* Preview Assets.xcassets */; };
		FB8124992C8EBCAC00680505 /* GoogleService-Info.plist in Resources */ = {isa = PBXBuildFile; fileRef = FB8124982C8EBCAC00680505 /* GoogleService-Info.plist */; };
		FB81249C2C8EBCDC00680505 /* AppDelegate.swift in Sources */ = {isa = PBXBuildFile; fileRef = FB81249B2C8EBCDC00680505 /* AppDelegate.swift */; };
		FB81249F2C8EBDDE00680505 /* FirebaseAuth in Frameworks */ = {isa = PBXBuildFile; productRef = FB81249E2C8EBDDE00680505 /* FirebaseAuth */; };
		FB8124A12C8EBDDE00680505 /* FirebaseFirestore in Frameworks */ = {isa = PBXBuildFile; productRef = FB8124A02C8EBDDE00680505 /* FirebaseFirestore */; };
		FB8124A32C8EBDDE00680505 /* FirebaseFunctions in Frameworks */ = {isa = PBXBuildFile; productRef = FB8124A22C8EBDDE00680505 /* FirebaseFunctions */; };
		FB8124A52C8EBDDE00680505 /* FirebaseInAppMessaging-Beta in Frameworks */ = {isa = PBXBuildFile; productRef = FB8124A42C8EBDDE00680505 /* FirebaseInAppMessaging-Beta */; };
		FB8124A72C8EBDDE00680505 /* FirebaseMessaging in Frameworks */ = {isa = PBXBuildFile; productRef = FB8124A62C8EBDDE00680505 /* FirebaseMessaging */; };
		FB8124A92C8EBDDE00680505 /* FirebaseStorage in Frameworks */ = {isa = PBXBuildFile; productRef = FB8124A82C8EBDDE00680505 /* FirebaseStorage */; };
/* End PBXBuildFile section */

/* Begin PBXFileReference section */
		FB8040182C8F1B2A0098BD6C /* User.swift */ = {isa = PBXFileReference; lastKnownFileType = sourcecode.swift; path = User.swift; sourceTree = "<group>"; };
		FB80401A2C8F1B310098BD6C /* Post.swift */ = {isa = PBXFileReference; lastKnownFileType = sourcecode.swift; path = Post.swift; sourceTree = "<group>"; };
		FB80401D2C8F1BCB0098BD6C /* MainTabView.swift */ = {isa = PBXFileReference; lastKnownFileType = sourcecode.swift; path = MainTabView.swift; sourceTree = "<group>"; };
		FB80401F2C8F1BF80098BD6C /* MainTabType.swift */ = {isa = PBXFileReference; lastKnownFileType = sourcecode.swift; path = MainTabType.swift; sourceTree = "<group>"; };
		FB8124872C8EBA6F00680505 /* TechitSNS.app */ = {isa = PBXFileReference; explicitFileType = wrapper.application; includeInIndex = 0; path = TechitSNS.app; sourceTree = BUILT_PRODUCTS_DIR; };
		FB81248A2C8EBA6F00680505 /* TechitSNSApp.swift */ = {isa = PBXFileReference; lastKnownFileType = sourcecode.swift; path = TechitSNSApp.swift; sourceTree = "<group>"; };
		FB81248C2C8EBA6F00680505 /* ContentView.swift */ = {isa = PBXFileReference; lastKnownFileType = sourcecode.swift; path = ContentView.swift; sourceTree = "<group>"; };
		FB81248E2C8EBA7000680505 /* Assets.xcassets */ = {isa = PBXFileReference; lastKnownFileType = folder.assetcatalog; path = Assets.xcassets; sourceTree = "<group>"; };
		FB8124912C8EBA7000680505 /* Preview Assets.xcassets */ = {isa = PBXFileReference; lastKnownFileType = folder.assetcatalog; path = "Preview Assets.xcassets"; sourceTree = "<group>"; };
		FB8124982C8EBCAC00680505 /* GoogleService-Info.plist */ = {isa = PBXFileReference; fileEncoding = 4; lastKnownFileType = text.plist.xml; path = "GoogleService-Info.plist"; sourceTree = "<group>"; };
		FB81249B2C8EBCDC00680505 /* AppDelegate.swift */ = {isa = PBXFileReference; lastKnownFileType = sourcecode.swift; path = AppDelegate.swift; sourceTree = "<group>"; };
/* End PBXFileReference section */

/* Begin PBXFrameworksBuildPhase section */
		FB8124842C8EBA6F00680505 /* Frameworks */ = {
			isa = PBXFrameworksBuildPhase;
			buildActionMask = 2147483647;
			files = (
				FB8124A32C8EBDDE00680505 /* FirebaseFunctions in Frameworks */,
				FB81249F2C8EBDDE00680505 /* FirebaseAuth in Frameworks */,
				FB8124A72C8EBDDE00680505 /* FirebaseMessaging in Frameworks */,
				FB8124A12C8EBDDE00680505 /* FirebaseFirestore in Frameworks */,
				FB8124A52C8EBDDE00680505 /* FirebaseInAppMessaging-Beta in Frameworks */,
				FB8124A92C8EBDDE00680505 /* FirebaseStorage in Frameworks */,
			);
			runOnlyForDeploymentPostprocessing = 0;
		};
/* End PBXFrameworksBuildPhase section */

/* Begin PBXGroup section */
		FB8040172C8F1AE00098BD6C /* Model */ = {
			isa = PBXGroup;
			children = (
				FB8040182C8F1B2A0098BD6C /* User.swift */,
				FB80401A2C8F1B310098BD6C /* Post.swift */,
			);
			path = Model;
			sourceTree = "<group>";
		};
		FB80401C2C8F1BBE0098BD6C /* MainTabView */ = {
			isa = PBXGroup;
			children = (
				FB80401D2C8F1BCB0098BD6C /* MainTabView.swift */,
				FB80401F2C8F1BF80098BD6C /* MainTabType.swift */,
			);
			path = MainTabView;
			sourceTree = "<group>";
		};
		FB81247E2C8EBA6F00680505 = {
			isa = PBXGroup;
			children = (
				FB8124892C8EBA6F00680505 /* TechitSNS */,
				FB8124882C8EBA6F00680505 /* Products */,
			);
			sourceTree = "<group>";
		};
		FB8124882C8EBA6F00680505 /* Products */ = {
			isa = PBXGroup;
			children = (
				FB8124872C8EBA6F00680505 /* TechitSNS.app */,
			);
			name = Products;
			sourceTree = "<group>";
		};
		FB8124892C8EBA6F00680505 /* TechitSNS */ = {
			isa = PBXGroup;
			children = (
				FB8124982C8EBCAC00680505 /* GoogleService-Info.plist */,
				FB81249A2C8EBCB700680505 /* App */,
				FB8124AB2C8EBEE600680505 /* Presentation */,
				FB8040172C8F1AE00098BD6C /* Model */,
				FB8124AA2C8EBEBF00680505 /* Resource */,
				FB8124902C8EBA7000680505 /* Preview Content */,
			);
			path = TechitSNS;
			sourceTree = "<group>";
		};
		FB8124902C8EBA7000680505 /* Preview Content */ = {
			isa = PBXGroup;
			children = (
				FB8124912C8EBA7000680505 /* Preview Assets.xcassets */,
			);
			path = "Preview Content";
			sourceTree = "<group>";
		};
		FB81249A2C8EBCB700680505 /* App */ = {
			isa = PBXGroup;
			children = (
				FB81248A2C8EBA6F00680505 /* TechitSNSApp.swift */,
				FB81249B2C8EBCDC00680505 /* AppDelegate.swift */,
			);
			path = App;
			sourceTree = "<group>";
		};
		FB8124AA2C8EBEBF00680505 /* Resource */ = {
			isa = PBXGroup;
			children = (
				FB81248E2C8EBA7000680505 /* Assets.xcassets */,
			);
			path = Resource;
			sourceTree = "<group>";
		};
		FB8124AB2C8EBEE600680505 /* Presentation */ = {
			isa = PBXGroup;
			children = (
				FB80401C2C8F1BBE0098BD6C /* MainTabView */,
				FB8124AC2C8EBF0100680505 /* View */,
			);
			path = Presentation;
			sourceTree = "<group>";
		};
		FB8124AC2C8EBF0100680505 /* View */ = {
			isa = PBXGroup;
			children = (
				FB81248C2C8EBA6F00680505 /* ContentView.swift */,
			);
			path = View;
			sourceTree = "<group>";
		};
/* End PBXGroup section */

/* Begin PBXNativeTarget section */
		FB8124862C8EBA6F00680505 /* TechitSNS */ = {
			isa = PBXNativeTarget;
			buildConfigurationList = FB8124952C8EBA7000680505 /* Build configuration list for PBXNativeTarget "TechitSNS" */;
			buildPhases = (
				FB8124832C8EBA6F00680505 /* Sources */,
				FB8124842C8EBA6F00680505 /* Frameworks */,
				FB8124852C8EBA6F00680505 /* Resources */,
			);
			buildRules = (
			);
			dependencies = (
			);
			name = TechitSNS;
			packageProductDependencies = (
				FB81249E2C8EBDDE00680505 /* FirebaseAuth */,
				FB8124A02C8EBDDE00680505 /* FirebaseFirestore */,
				FB8124A22C8EBDDE00680505 /* FirebaseFunctions */,
				FB8124A42C8EBDDE00680505 /* FirebaseInAppMessaging-Beta */,
				FB8124A62C8EBDDE00680505 /* FirebaseMessaging */,
				FB8124A82C8EBDDE00680505 /* FirebaseStorage */,
			);
			productName = TechitSNS;
			productReference = FB8124872C8EBA6F00680505 /* TechitSNS.app */;
			productType = "com.apple.product-type.application";
		};
/* End PBXNativeTarget section */

/* Begin PBXProject section */
		FB81247F2C8EBA6F00680505 /* Project object */ = {
			isa = PBXProject;
			attributes = {
				BuildIndependentTargetsInParallel = 1;
				LastSwiftUpdateCheck = 1510;
				LastUpgradeCheck = 1510;
				TargetAttributes = {
					FB8124862C8EBA6F00680505 = {
						CreatedOnToolsVersion = 15.1;
					};
				};
			};
			buildConfigurationList = FB8124822C8EBA6F00680505 /* Build configuration list for PBXProject "TechitSNS" */;
			compatibilityVersion = "Xcode 14.0";
			developmentRegion = en;
			hasScannedForEncodings = 0;
			knownRegions = (
				en,
				Base,
			);
			mainGroup = FB81247E2C8EBA6F00680505;
			packageReferences = (
				FB81249D2C8EBDDE00680505 /* XCRemoteSwiftPackageReference "firebase-ios-sdk" */,
			);
			productRefGroup = FB8124882C8EBA6F00680505 /* Products */;
			projectDirPath = "";
			projectRoot = "";
			targets = (
				FB8124862C8EBA6F00680505 /* TechitSNS */,
			);
		};
/* End PBXProject section */

/* Begin PBXResourcesBuildPhase section */
		FB8124852C8EBA6F00680505 /* Resources */ = {
			isa = PBXResourcesBuildPhase;
			buildActionMask = 2147483647;
			files = (
				FB8124922C8EBA7000680505 /* Preview Assets.xcassets in Resources */,
				FB81248F2C8EBA7000680505 /* Assets.xcassets in Resources */,
				FB8124992C8EBCAC00680505 /* GoogleService-Info.plist in Resources */,
			);
			runOnlyForDeploymentPostprocessing = 0;
		};
/* End PBXResourcesBuildPhase section */

/* Begin PBXSourcesBuildPhase section */
		FB8124832C8EBA6F00680505 /* Sources */ = {
			isa = PBXSourcesBuildPhase;
			buildActionMask = 2147483647;
			files = (
				FB8040192C8F1B2A0098BD6C /* User.swift in Sources */,
				FB81249C2C8EBCDC00680505 /* AppDelegate.swift in Sources */,
				FB81248D2C8EBA6F00680505 /* ContentView.swift in Sources */,
				FB81248B2C8EBA6F00680505 /* TechitSNSApp.swift in Sources */,
				FB80401B2C8F1B310098BD6C /* Post.swift in Sources */,
				FB80401E2C8F1BCC0098BD6C /* MainTabView.swift in Sources */,
				FB8040202C8F1BF80098BD6C /* MainTabType.swift in Sources */,
			);
			runOnlyForDeploymentPostprocessing = 0;
		};
/* End PBXSourcesBuildPhase section */

/* Begin XCBuildConfiguration section */
		FB8124932C8EBA7000680505 /* Debug */ = {
			isa = XCBuildConfiguration;
			buildSettings = {
				ALWAYS_SEARCH_USER_PATHS = NO;
				ASSETCATALOG_COMPILER_GENERATE_SWIFT_ASSET_SYMBOL_EXTENSIONS = YES;
				CLANG_ANALYZER_NONNULL = YES;
				CLANG_ANALYZER_NUMBER_OBJECT_CONVERSION = YES_AGGRESSIVE;
				CLANG_CXX_LANGUAGE_STANDARD = "gnu++20";
				CLANG_ENABLE_MODULES = YES;
				CLANG_ENABLE_OBJC_ARC = YES;
				CLANG_ENABLE_OBJC_WEAK = YES;
				CLANG_WARN_BLOCK_CAPTURE_AUTORELEASING = YES;
				CLANG_WARN_BOOL_CONVERSION = YES;
				CLANG_WARN_COMMA = YES;
				CLANG_WARN_CONSTANT_CONVERSION = YES;
				CLANG_WARN_DEPRECATED_OBJC_IMPLEMENTATIONS = YES;
				CLANG_WARN_DIRECT_OBJC_ISA_USAGE = YES_ERROR;
				CLANG_WARN_DOCUMENTATION_COMMENTS = YES;
				CLANG_WARN_EMPTY_BODY = YES;
				CLANG_WARN_ENUM_CONVERSION = YES;
				CLANG_WARN_INFINITE_RECURSION = YES;
				CLANG_WARN_INT_CONVERSION = YES;
				CLANG_WARN_NON_LITERAL_NULL_CONVERSION = YES;
				CLANG_WARN_OBJC_IMPLICIT_RETAIN_SELF = YES;
				CLANG_WARN_OBJC_LITERAL_CONVERSION = YES;
				CLANG_WARN_OBJC_ROOT_CLASS = YES_ERROR;
				CLANG_WARN_QUOTED_INCLUDE_IN_FRAMEWORK_HEADER = YES;
				CLANG_WARN_RANGE_LOOP_ANALYSIS = YES;
				CLANG_WARN_STRICT_PROTOTYPES = YES;
				CLANG_WARN_SUSPICIOUS_MOVE = YES;
				CLANG_WARN_UNGUARDED_AVAILABILITY = YES_AGGRESSIVE;
				CLANG_WARN_UNREACHABLE_CODE = YES;
				CLANG_WARN__DUPLICATE_METHOD_MATCH = YES;
				COPY_PHASE_STRIP = NO;
				DEBUG_INFORMATION_FORMAT = dwarf;
				ENABLE_STRICT_OBJC_MSGSEND = YES;
				ENABLE_TESTABILITY = YES;
				ENABLE_USER_SCRIPT_SANDBOXING = YES;
				GCC_C_LANGUAGE_STANDARD = gnu17;
				GCC_DYNAMIC_NO_PIC = NO;
				GCC_NO_COMMON_BLOCKS = YES;
				GCC_OPTIMIZATION_LEVEL = 0;
				GCC_PREPROCESSOR_DEFINITIONS = (
					"DEBUG=1",
					"$(inherited)",
				);
				GCC_WARN_64_TO_32_BIT_CONVERSION = YES;
				GCC_WARN_ABOUT_RETURN_TYPE = YES_ERROR;
				GCC_WARN_UNDECLARED_SELECTOR = YES;
				GCC_WARN_UNINITIALIZED_AUTOS = YES_AGGRESSIVE;
				GCC_WARN_UNUSED_FUNCTION = YES;
				GCC_WARN_UNUSED_VARIABLE = YES;
				IPHONEOS_DEPLOYMENT_TARGET = 17.2;
				LOCALIZATION_PREFERS_STRING_CATALOGS = YES;
				MTL_ENABLE_DEBUG_INFO = INCLUDE_SOURCE;
				MTL_FAST_MATH = YES;
				ONLY_ACTIVE_ARCH = YES;
				SDKROOT = iphoneos;
				SWIFT_ACTIVE_COMPILATION_CONDITIONS = "DEBUG $(inherited)";
				SWIFT_OPTIMIZATION_LEVEL = "-Onone";
			};
			name = Debug;
		};
		FB8124942C8EBA7000680505 /* Release */ = {
			isa = XCBuildConfiguration;
			buildSettings = {
				ALWAYS_SEARCH_USER_PATHS = NO;
				ASSETCATALOG_COMPILER_GENERATE_SWIFT_ASSET_SYMBOL_EXTENSIONS = YES;
				CLANG_ANALYZER_NONNULL = YES;
				CLANG_ANALYZER_NUMBER_OBJECT_CONVERSION = YES_AGGRESSIVE;
				CLANG_CXX_LANGUAGE_STANDARD = "gnu++20";
				CLANG_ENABLE_MODULES = YES;
				CLANG_ENABLE_OBJC_ARC = YES;
				CLANG_ENABLE_OBJC_WEAK = YES;
				CLANG_WARN_BLOCK_CAPTURE_AUTORELEASING = YES;
				CLANG_WARN_BOOL_CONVERSION = YES;
				CLANG_WARN_COMMA = YES;
				CLANG_WARN_CONSTANT_CONVERSION = YES;
				CLANG_WARN_DEPRECATED_OBJC_IMPLEMENTATIONS = YES;
				CLANG_WARN_DIRECT_OBJC_ISA_USAGE = YES_ERROR;
				CLANG_WARN_DOCUMENTATION_COMMENTS = YES;
				CLANG_WARN_EMPTY_BODY = YES;
				CLANG_WARN_ENUM_CONVERSION = YES;
				CLANG_WARN_INFINITE_RECURSION = YES;
				CLANG_WARN_INT_CONVERSION = YES;
				CLANG_WARN_NON_LITERAL_NULL_CONVERSION = YES;
				CLANG_WARN_OBJC_IMPLICIT_RETAIN_SELF = YES;
				CLANG_WARN_OBJC_LITERAL_CONVERSION = YES;
				CLANG_WARN_OBJC_ROOT_CLASS = YES_ERROR;
				CLANG_WARN_QUOTED_INCLUDE_IN_FRAMEWORK_HEADER = YES;
				CLANG_WARN_RANGE_LOOP_ANALYSIS = YES;
				CLANG_WARN_STRICT_PROTOTYPES = YES;
				CLANG_WARN_SUSPICIOUS_MOVE = YES;
				CLANG_WARN_UNGUARDED_AVAILABILITY = YES_AGGRESSIVE;
				CLANG_WARN_UNREACHABLE_CODE = YES;
				CLANG_WARN__DUPLICATE_METHOD_MATCH = YES;
				COPY_PHASE_STRIP = NO;
				DEBUG_INFORMATION_FORMAT = "dwarf-with-dsym";
				ENABLE_NS_ASSERTIONS = NO;
				ENABLE_STRICT_OBJC_MSGSEND = YES;
				ENABLE_USER_SCRIPT_SANDBOXING = YES;
				GCC_C_LANGUAGE_STANDARD = gnu17;
				GCC_NO_COMMON_BLOCKS = YES;
				GCC_WARN_64_TO_32_BIT_CONVERSION = YES;
				GCC_WARN_ABOUT_RETURN_TYPE = YES_ERROR;
				GCC_WARN_UNDECLARED_SELECTOR = YES;
				GCC_WARN_UNINITIALIZED_AUTOS = YES_AGGRESSIVE;
				GCC_WARN_UNUSED_FUNCTION = YES;
				GCC_WARN_UNUSED_VARIABLE = YES;
				IPHONEOS_DEPLOYMENT_TARGET = 17.2;
				LOCALIZATION_PREFERS_STRING_CATALOGS = YES;
				MTL_ENABLE_DEBUG_INFO = NO;
				MTL_FAST_MATH = YES;
				SDKROOT = iphoneos;
				SWIFT_COMPILATION_MODE = wholemodule;
				VALIDATE_PRODUCT = YES;
			};
			name = Release;
		};
		FB8124962C8EBA7000680505 /* Debug */ = {
			isa = XCBuildConfiguration;
			buildSettings = {
				ASSETCATALOG_COMPILER_APPICON_NAME = AppIcon;
				ASSETCATALOG_COMPILER_GLOBAL_ACCENT_COLOR_NAME = AccentColor;
				CODE_SIGN_STYLE = Automatic;
				CURRENT_PROJECT_VERSION = 1;
				DEVELOPMENT_ASSET_PATHS = "\"TechitSNS/Preview Content\"";
				ENABLE_PREVIEWS = YES;
				GENERATE_INFOPLIST_FILE = YES;
				INFOPLIST_KEY_UIApplicationSceneManifest_Generation = YES;
				INFOPLIST_KEY_UIApplicationSupportsIndirectInputEvents = YES;
				INFOPLIST_KEY_UILaunchScreen_Generation = YES;
				INFOPLIST_KEY_UISupportedInterfaceOrientations_iPad = "UIInterfaceOrientationPortrait UIInterfaceOrientationPortraitUpsideDown UIInterfaceOrientationLandscapeLeft UIInterfaceOrientationLandscapeRight";
				INFOPLIST_KEY_UISupportedInterfaceOrientations_iPhone = "UIInterfaceOrientationPortrait UIInterfaceOrientationLandscapeLeft UIInterfaceOrientationLandscapeRight";
				LD_RUNPATH_SEARCH_PATHS = (
					"$(inherited)",
					"@executable_path/Frameworks",
				);
				MARKETING_VERSION = 1.0;
				PRODUCT_BUNDLE_IDENTIFIER = net.likelionstudy.TechitSNS;
				PRODUCT_NAME = "$(TARGET_NAME)";
				SWIFT_EMIT_LOC_STRINGS = YES;
				SWIFT_VERSION = 5.0;
				TARGETED_DEVICE_FAMILY = "1,2";
			};
			name = Debug;
		};
		FB8124972C8EBA7000680505 /* Release */ = {
			isa = XCBuildConfiguration;
			buildSettings = {
				ASSETCATALOG_COMPILER_APPICON_NAME = AppIcon;
				ASSETCATALOG_COMPILER_GLOBAL_ACCENT_COLOR_NAME = AccentColor;
				CODE_SIGN_STYLE = Automatic;
				CURRENT_PROJECT_VERSION = 1;
				DEVELOPMENT_ASSET_PATHS = "\"TechitSNS/Preview Content\"";
				ENABLE_PREVIEWS = YES;
				GENERATE_INFOPLIST_FILE = YES;
				INFOPLIST_KEY_UIApplicationSceneManifest_Generation = YES;
				INFOPLIST_KEY_UIApplicationSupportsIndirectInputEvents = YES;
				INFOPLIST_KEY_UILaunchScreen_Generation = YES;
				INFOPLIST_KEY_UISupportedInterfaceOrientations_iPad = "UIInterfaceOrientationPortrait UIInterfaceOrientationPortraitUpsideDown UIInterfaceOrientationLandscapeLeft UIInterfaceOrientationLandscapeRight";
				INFOPLIST_KEY_UISupportedInterfaceOrientations_iPhone = "UIInterfaceOrientationPortrait UIInterfaceOrientationLandscapeLeft UIInterfaceOrientationLandscapeRight";
				LD_RUNPATH_SEARCH_PATHS = (
					"$(inherited)",
					"@executable_path/Frameworks",
				);
				MARKETING_VERSION = 1.0;
				PRODUCT_BUNDLE_IDENTIFIER = net.likelionstudy.TechitSNS;
				PRODUCT_NAME = "$(TARGET_NAME)";
				SWIFT_EMIT_LOC_STRINGS = YES;
				SWIFT_VERSION = 5.0;
				TARGETED_DEVICE_FAMILY = "1,2";
			};
			name = Release;
		};
/* End XCBuildConfiguration section */

/* Begin XCConfigurationList section */
		FB8124822C8EBA6F00680505 /* Build configuration list for PBXProject "TechitSNS" */ = {
			isa = XCConfigurationList;
			buildConfigurations = (
				FB8124932C8EBA7000680505 /* Debug */,
				FB8124942C8EBA7000680505 /* Release */,
			);
			defaultConfigurationIsVisible = 0;
			defaultConfigurationName = Release;
		};
		FB8124952C8EBA7000680505 /* Build configuration list for PBXNativeTarget "TechitSNS" */ = {
			isa = XCConfigurationList;
			buildConfigurations = (
				FB8124962C8EBA7000680505 /* Debug */,
				FB8124972C8EBA7000680505 /* Release */,
			);
			defaultConfigurationIsVisible = 0;
			defaultConfigurationName = Release;
		};
/* End XCConfigurationList section */

/* Begin XCRemoteSwiftPackageReference section */
		FB81249D2C8EBDDE00680505 /* XCRemoteSwiftPackageReference "firebase-ios-sdk" */ = {
			isa = XCRemoteSwiftPackageReference;
			repositoryURL = "https://github.com/firebase/firebase-ios-sdk";
			requirement = {
				kind = upToNextMajorVersion;
				minimumVersion = 11.1.0;
			};
		};
/* End XCRemoteSwiftPackageReference section */

/* Begin XCSwiftPackageProductDependency section */
		FB81249E2C8EBDDE00680505 /* FirebaseAuth */ = {
			isa = XCSwiftPackageProductDependency;
			package = FB81249D2C8EBDDE00680505 /* XCRemoteSwiftPackageReference "firebase-ios-sdk" */;
			productName = FirebaseAuth;
		};
		FB8124A02C8EBDDE00680505 /* FirebaseFirestore */ = {
			isa = XCSwiftPackageProductDependency;
			package = FB81249D2C8EBDDE00680505 /* XCRemoteSwiftPackageReference "firebase-ios-sdk" */;
			productName = FirebaseFirestore;
		};
		FB8124A22C8EBDDE00680505 /* FirebaseFunctions */ = {
			isa = XCSwiftPackageProductDependency;
			package = FB81249D2C8EBDDE00680505 /* XCRemoteSwiftPackageReference "firebase-ios-sdk" */;
			productName = FirebaseFunctions;
		};
		FB8124A42C8EBDDE00680505 /* FirebaseInAppMessaging-Beta */ = {
			isa = XCSwiftPackageProductDependency;
			package = FB81249D2C8EBDDE00680505 /* XCRemoteSwiftPackageReference "firebase-ios-sdk" */;
			productName = "FirebaseInAppMessaging-Beta";
		};
		FB8124A62C8EBDDE00680505 /* FirebaseMessaging */ = {
			isa = XCSwiftPackageProductDependency;
			package = FB81249D2C8EBDDE00680505 /* XCRemoteSwiftPackageReference "firebase-ios-sdk" */;
			productName = FirebaseMessaging;
		};
		FB8124A82C8EBDDE00680505 /* FirebaseStorage */ = {
			isa = XCSwiftPackageProductDependency;
			package = FB81249D2C8EBDDE00680505 /* XCRemoteSwiftPackageReference "firebase-ios-sdk" */;
			productName = FirebaseStorage;
		};
/* End XCSwiftPackageProductDependency section */
	};
	rootObject = FB81247F2C8EBA6F00680505 /* Project object */;
}
